// !$*UTF8*$!
{
	archiveVersion = 1;
	classes = {
	};
	objectVersion = 46;
	objects = {

/* Begin PBXBuildFile section */
		3413698D1EE52FBC000D6081 /* Main.storyboard in Resources */ = {isa = PBXBuildFile; fileRef = 3413698C1EE52FBC000D6081 /* Main.storyboard */; };
		341369911EE53205000D6081 /* LoginVC.swift in Sources */ = {isa = PBXBuildFile; fileRef = 3413698F1EE53205000D6081 /* LoginVC.swift */; };
		341369921EE53205000D6081 /* tvVC.swift in Sources */ = {isa = PBXBuildFile; fileRef = 341369901EE53205000D6081 /* tvVC.swift */; };
		341369941EE53265000D6081 /* ViewController.swift in Sources */ = {isa = PBXBuildFile; fileRef = 341369931EE53265000D6081 /* ViewController.swift */; };
		341369AE1EE5334C000D6081 /* IQNSArray+Sort.swift in Sources */ = {isa = PBXBuildFile; fileRef = 341369981EE5334C000D6081 /* IQNSArray+Sort.swift */; };
		341369AF1EE5334C000D6081 /* IQUIScrollView+Additions.swift in Sources */ = {isa = PBXBuildFile; fileRef = 341369991EE5334C000D6081 /* IQUIScrollView+Additions.swift */; };
		341369B01EE5334C000D6081 /* IQUITextFieldView+Additions.swift in Sources */ = {isa = PBXBuildFile; fileRef = 3413699A1EE5334C000D6081 /* IQUITextFieldView+Additions.swift */; };
		341369B11EE5334C000D6081 /* IQUIView+Hierarchy.swift in Sources */ = {isa = PBXBuildFile; fileRef = 3413699B1EE5334C000D6081 /* IQUIView+Hierarchy.swift */; };
		341369B21EE5334C000D6081 /* IQUIViewController+Additions.swift in Sources */ = {isa = PBXBuildFile; fileRef = 3413699C1EE5334C000D6081 /* IQUIViewController+Additions.swift */; };
		341369B31EE5334C000D6081 /* IQUIWindow+Hierarchy.swift in Sources */ = {isa = PBXBuildFile; fileRef = 3413699D1EE5334C000D6081 /* IQUIWindow+Hierarchy.swift */; };
		341369B41EE5334C000D6081 /* IQKeyboardManagerConstants.swift in Sources */ = {isa = PBXBuildFile; fileRef = 3413699F1EE5334C000D6081 /* IQKeyboardManagerConstants.swift */; };
		341369B51EE5334C000D6081 /* IQKeyboardManagerConstantsInternal.swift in Sources */ = {isa = PBXBuildFile; fileRef = 341369A01EE5334C000D6081 /* IQKeyboardManagerConstantsInternal.swift */; };
		341369B61EE5334C000D6081 /* IQKeyboardManager.swift in Sources */ = {isa = PBXBuildFile; fileRef = 341369A11EE5334C000D6081 /* IQKeyboardManager.swift */; };
		341369B71EE5334C000D6081 /* IQKeyboardReturnKeyHandler.swift in Sources */ = {isa = PBXBuildFile; fileRef = 341369A31EE5334C000D6081 /* IQKeyboardReturnKeyHandler.swift */; };
		341369B81EE5334C000D6081 /* IQTextView.swift in Sources */ = {isa = PBXBuildFile; fileRef = 341369A51EE5334C000D6081 /* IQTextView.swift */; };
		341369B91EE5334C000D6081 /* IQBarButtonItem.swift in Sources */ = {isa = PBXBuildFile; fileRef = 341369A71EE5334C000D6081 /* IQBarButtonItem.swift */; };
		341369BA1EE5334C000D6081 /* IQPreviousNextView.swift in Sources */ = {isa = PBXBuildFile; fileRef = 341369A81EE5334C000D6081 /* IQPreviousNextView.swift */; };
		341369BB1EE5334C000D6081 /* IQTitleBarButtonItem.swift in Sources */ = {isa = PBXBuildFile; fileRef = 341369A91EE5334C000D6081 /* IQTitleBarButtonItem.swift */; };
		341369BC1EE5334C000D6081 /* IQToolbar.swift in Sources */ = {isa = PBXBuildFile; fileRef = 341369AA1EE5334C000D6081 /* IQToolbar.swift */; };
		341369BD1EE5334C000D6081 /* IQUIView+IQKeyboardToolbar.swift in Sources */ = {isa = PBXBuildFile; fileRef = 341369AB1EE5334C000D6081 /* IQUIView+IQKeyboardToolbar.swift */; };
		341369BE1EE5334C000D6081 /* IQKeyboardManager.bundle in Resources */ = {isa = PBXBuildFile; fileRef = 341369AD1EE5334C000D6081 /* IQKeyboardManager.bundle */; };
		BFC3A10B49865D62B42A45EC /* Pods_mobile_inbox.framework in Frameworks */ = {isa = PBXBuildFile; fileRef = 7E026A509707D3A9A579167D /* Pods_mobile_inbox.framework */; };
		F37200B81EDCCEA900553C07 /* AppDelegate.swift in Sources */ = {isa = PBXBuildFile; fileRef = F37200B71EDCCEA900553C07 /* AppDelegate.swift */; };
		F37200BF1EDCCEA900553C07 /* Assets.xcassets in Resources */ = {isa = PBXBuildFile; fileRef = F37200BE1EDCCEA900553C07 /* Assets.xcassets */; };
		F37200C21EDCCEA900553C07 /* LaunchScreen.storyboard in Resources */ = {isa = PBXBuildFile; fileRef = F37200C01EDCCEA900553C07 /* LaunchScreen.storyboard */; };
		F37200CD1EDCCEA900553C07 /* mobile_inboxTests.swift in Sources */ = {isa = PBXBuildFile; fileRef = F37200CC1EDCCEA900553C07 /* mobile_inboxTests.swift */; };
/* End PBXBuildFile section */

/* Begin PBXContainerItemProxy section */
		F37200C91EDCCEA900553C07 /* PBXContainerItemProxy */ = {
			isa = PBXContainerItemProxy;
			containerPortal = F37200AC1EDCCEA900553C07 /* Project object */;
			proxyType = 1;
			remoteGlobalIDString = F37200B31EDCCEA900553C07;
			remoteInfo = "mobile-inbox";
		};
/* End PBXContainerItemProxy section */

/* Begin PBXFileReference section */
		3413698C1EE52FBC000D6081 /* Main.storyboard */ = {isa = PBXFileReference; fileEncoding = 4; lastKnownFileType = file.storyboard; path = Main.storyboard; sourceTree = "<group>"; };
		3413698F1EE53205000D6081 /* LoginVC.swift */ = {isa = PBXFileReference; fileEncoding = 4; lastKnownFileType = sourcecode.swift; path = LoginVC.swift; sourceTree = "<group>"; };
		341369901EE53205000D6081 /* tvVC.swift */ = {isa = PBXFileReference; fileEncoding = 4; lastKnownFileType = sourcecode.swift; path = tvVC.swift; sourceTree = "<group>"; };
		341369931EE53265000D6081 /* ViewController.swift */ = {isa = PBXFileReference; fileEncoding = 4; lastKnownFileType = sourcecode.swift; path = ViewController.swift; sourceTree = "<group>"; };
		341369981EE5334C000D6081 /* IQNSArray+Sort.swift */ = {isa = PBXFileReference; fileEncoding = 4; lastKnownFileType = sourcecode.swift; path = "IQNSArray+Sort.swift"; sourceTree = "<group>"; };
		341369991EE5334C000D6081 /* IQUIScrollView+Additions.swift */ = {isa = PBXFileReference; fileEncoding = 4; lastKnownFileType = sourcecode.swift; path = "IQUIScrollView+Additions.swift"; sourceTree = "<group>"; };
		3413699A1EE5334C000D6081 /* IQUITextFieldView+Additions.swift */ = {isa = PBXFileReference; fileEncoding = 4; lastKnownFileType = sourcecode.swift; path = "IQUITextFieldView+Additions.swift"; sourceTree = "<group>"; };
		3413699B1EE5334C000D6081 /* IQUIView+Hierarchy.swift */ = {isa = PBXFileReference; fileEncoding = 4; lastKnownFileType = sourcecode.swift; path = "IQUIView+Hierarchy.swift"; sourceTree = "<group>"; };
		3413699C1EE5334C000D6081 /* IQUIViewController+Additions.swift */ = {isa = PBXFileReference; fileEncoding = 4; lastKnownFileType = sourcecode.swift; path = "IQUIViewController+Additions.swift"; sourceTree = "<group>"; };
		3413699D1EE5334C000D6081 /* IQUIWindow+Hierarchy.swift */ = {isa = PBXFileReference; fileEncoding = 4; lastKnownFileType = sourcecode.swift; path = "IQUIWindow+Hierarchy.swift"; sourceTree = "<group>"; };
		3413699F1EE5334C000D6081 /* IQKeyboardManagerConstants.swift */ = {isa = PBXFileReference; fileEncoding = 4; lastKnownFileType = sourcecode.swift; path = IQKeyboardManagerConstants.swift; sourceTree = "<group>"; };
		341369A01EE5334C000D6081 /* IQKeyboardManagerConstantsInternal.swift */ = {isa = PBXFileReference; fileEncoding = 4; lastKnownFileType = sourcecode.swift; path = IQKeyboardManagerConstantsInternal.swift; sourceTree = "<group>"; };
		341369A11EE5334C000D6081 /* IQKeyboardManager.swift */ = {isa = PBXFileReference; fileEncoding = 4; lastKnownFileType = sourcecode.swift; path = IQKeyboardManager.swift; sourceTree = "<group>"; };
		341369A21EE5334C000D6081 /* IQKeyboardManagerSwift.h */ = {isa = PBXFileReference; fileEncoding = 4; lastKnownFileType = sourcecode.c.h; path = IQKeyboardManagerSwift.h; sourceTree = "<group>"; };
		341369A31EE5334C000D6081 /* IQKeyboardReturnKeyHandler.swift */ = {isa = PBXFileReference; fileEncoding = 4; lastKnownFileType = sourcecode.swift; path = IQKeyboardReturnKeyHandler.swift; sourceTree = "<group>"; };
		341369A51EE5334C000D6081 /* IQTextView.swift */ = {isa = PBXFileReference; fileEncoding = 4; lastKnownFileType = sourcecode.swift; path = IQTextView.swift; sourceTree = "<group>"; };
		341369A71EE5334C000D6081 /* IQBarButtonItem.swift */ = {isa = PBXFileReference; fileEncoding = 4; lastKnownFileType = sourcecode.swift; path = IQBarButtonItem.swift; sourceTree = "<group>"; };
		341369A81EE5334C000D6081 /* IQPreviousNextView.swift */ = {isa = PBXFileReference; fileEncoding = 4; lastKnownFileType = sourcecode.swift; path = IQPreviousNextView.swift; sourceTree = "<group>"; };
		341369A91EE5334C000D6081 /* IQTitleBarButtonItem.swift */ = {isa = PBXFileReference; fileEncoding = 4; lastKnownFileType = sourcecode.swift; path = IQTitleBarButtonItem.swift; sourceTree = "<group>"; };
		341369AA1EE5334C000D6081 /* IQToolbar.swift */ = {isa = PBXFileReference; fileEncoding = 4; lastKnownFileType = sourcecode.swift; path = IQToolbar.swift; sourceTree = "<group>"; };
		341369AB1EE5334C000D6081 /* IQUIView+IQKeyboardToolbar.swift */ = {isa = PBXFileReference; fileEncoding = 4; lastKnownFileType = sourcecode.swift; path = "IQUIView+IQKeyboardToolbar.swift"; sourceTree = "<group>"; };
		341369AD1EE5334C000D6081 /* IQKeyboardManager.bundle */ = {isa = PBXFileReference; lastKnownFileType = "wrapper.plug-in"; path = IQKeyboardManager.bundle; sourceTree = "<group>"; };
		7E026A509707D3A9A579167D /* Pods_mobile_inbox.framework */ = {isa = PBXFileReference; explicitFileType = wrapper.framework; includeInIndex = 0; path = Pods_mobile_inbox.framework; sourceTree = BUILT_PRODUCTS_DIR; };
		A2E84C134352C2917E99A1DE /* Pods-mobile-inbox.release.xcconfig */ = {isa = PBXFileReference; includeInIndex = 1; lastKnownFileType = text.xcconfig; name = "Pods-mobile-inbox.release.xcconfig"; path = "Pods/Target Support Files/Pods-mobile-inbox/Pods-mobile-inbox.release.xcconfig"; sourceTree = "<group>"; };
		F37200B41EDCCEA900553C07 /* mobile-inbox.app */ = {isa = PBXFileReference; explicitFileType = wrapper.application; includeInIndex = 0; path = "mobile-inbox.app"; sourceTree = BUILT_PRODUCTS_DIR; };
		F37200B71EDCCEA900553C07 /* AppDelegate.swift */ = {isa = PBXFileReference; lastKnownFileType = sourcecode.swift; path = AppDelegate.swift; sourceTree = "<group>"; };
		F37200BE1EDCCEA900553C07 /* Assets.xcassets */ = {isa = PBXFileReference; lastKnownFileType = folder.assetcatalog; path = Assets.xcassets; sourceTree = "<group>"; };
		F37200C11EDCCEA900553C07 /* Base */ = {isa = PBXFileReference; lastKnownFileType = file.storyboard; name = Base; path = Base.lproj/LaunchScreen.storyboard; sourceTree = "<group>"; };
		F37200C31EDCCEA900553C07 /* Info.plist */ = {isa = PBXFileReference; lastKnownFileType = text.plist.xml; path = Info.plist; sourceTree = "<group>"; };
		F37200C81EDCCEA900553C07 /* mobile-inboxTests.xctest */ = {isa = PBXFileReference; explicitFileType = wrapper.cfbundle; includeInIndex = 0; path = "mobile-inboxTests.xctest"; sourceTree = BUILT_PRODUCTS_DIR; };
		F37200CC1EDCCEA900553C07 /* mobile_inboxTests.swift */ = {isa = PBXFileReference; lastKnownFileType = sourcecode.swift; path = mobile_inboxTests.swift; sourceTree = "<group>"; };
		F37200CE1EDCCEA900553C07 /* Info.plist */ = {isa = PBXFileReference; lastKnownFileType = text.plist.xml; path = Info.plist; sourceTree = "<group>"; };
		F4F0F73BEFD1C45375BFD191 /* Pods-mobile-inbox.debug.xcconfig */ = {isa = PBXFileReference; includeInIndex = 1; lastKnownFileType = text.xcconfig; name = "Pods-mobile-inbox.debug.xcconfig"; path = "Pods/Target Support Files/Pods-mobile-inbox/Pods-mobile-inbox.debug.xcconfig"; sourceTree = "<group>"; };
/* End PBXFileReference section */

/* Begin PBXFrameworksBuildPhase section */
		F37200B11EDCCEA900553C07 /* Frameworks */ = {
			isa = PBXFrameworksBuildPhase;
			buildActionMask = 2147483647;
			files = (
				BFC3A10B49865D62B42A45EC /* Pods_mobile_inbox.framework in Frameworks */,
			);
			runOnlyForDeploymentPostprocessing = 0;
		};
		F37200C51EDCCEA900553C07 /* Frameworks */ = {
			isa = PBXFrameworksBuildPhase;
			buildActionMask = 2147483647;
			files = (
			);
			runOnlyForDeploymentPostprocessing = 0;
		};
/* End PBXFrameworksBuildPhase section */

/* Begin PBXGroup section */
		3413698E1EE53205000D6081 /* Vcs */ = {
			isa = PBXGroup;
			children = (
				341369931EE53265000D6081 /* ViewController.swift */,
				3413698F1EE53205000D6081 /* LoginVC.swift */,
				341369901EE53205000D6081 /* tvVC.swift */,
			);
			path = Vcs;
			sourceTree = "<group>";
		};
		341369951EE5331F000D6081 /* ThirdParty */ = {
			isa = PBXGroup;
			children = (
				341369961EE5334C000D6081 /* IQKeyboardManagerSwift */,
			);
			name = ThirdParty;
			path = "mobile-inbox/ThirdParty";
			sourceTree = "<group>";
		};
		341369961EE5334C000D6081 /* IQKeyboardManagerSwift */ = {
			isa = PBXGroup;
			children = (
				341369971EE5334C000D6081 /* Categories */,
				3413699E1EE5334C000D6081 /* Constants */,
				341369A11EE5334C000D6081 /* IQKeyboardManager.swift */,
				341369A21EE5334C000D6081 /* IQKeyboardManagerSwift.h */,
				341369A31EE5334C000D6081 /* IQKeyboardReturnKeyHandler.swift */,
				341369A41EE5334C000D6081 /* IQTextView */,
				341369A61EE5334C000D6081 /* IQToolbar */,
				341369AC1EE5334C000D6081 /* Resources */,
			);
			path = IQKeyboardManagerSwift;
			sourceTree = "<group>";
		};
		341369971EE5334C000D6081 /* Categories */ = {
			isa = PBXGroup;
			children = (
				341369981EE5334C000D6081 /* IQNSArray+Sort.swift */,
				341369991EE5334C000D6081 /* IQUIScrollView+Additions.swift */,
				3413699A1EE5334C000D6081 /* IQUITextFieldView+Additions.swift */,
				3413699B1EE5334C000D6081 /* IQUIView+Hierarchy.swift */,
				3413699C1EE5334C000D6081 /* IQUIViewController+Additions.swift */,
				3413699D1EE5334C000D6081 /* IQUIWindow+Hierarchy.swift */,
			);
			path = Categories;
			sourceTree = "<group>";
		};
		3413699E1EE5334C000D6081 /* Constants */ = {
			isa = PBXGroup;
			children = (
				3413699F1EE5334C000D6081 /* IQKeyboardManagerConstants.swift */,
				341369A01EE5334C000D6081 /* IQKeyboardManagerConstantsInternal.swift */,
			);
			path = Constants;
			sourceTree = "<group>";
		};
		341369A41EE5334C000D6081 /* IQTextView */ = {
			isa = PBXGroup;
			children = (
				341369A51EE5334C000D6081 /* IQTextView.swift */,
			);
			path = IQTextView;
			sourceTree = "<group>";
		};
		341369A61EE5334C000D6081 /* IQToolbar */ = {
			isa = PBXGroup;
			children = (
				341369A71EE5334C000D6081 /* IQBarButtonItem.swift */,
				341369A81EE5334C000D6081 /* IQPreviousNextView.swift */,
				341369A91EE5334C000D6081 /* IQTitleBarButtonItem.swift */,
				341369AA1EE5334C000D6081 /* IQToolbar.swift */,
				341369AB1EE5334C000D6081 /* IQUIView+IQKeyboardToolbar.swift */,
			);
			path = IQToolbar;
			sourceTree = "<group>";
		};
		341369AC1EE5334C000D6081 /* Resources */ = {
			isa = PBXGroup;
			children = (
				341369AD1EE5334C000D6081 /* IQKeyboardManager.bundle */,
			);
			path = Resources;
			sourceTree = "<group>";
		};
		BF3DF35B133D846B761E4443 /* Frameworks */ = {
			isa = PBXGroup;
			children = (
				7E026A509707D3A9A579167D /* Pods_mobile_inbox.framework */,
			);
			name = Frameworks;
			sourceTree = "<group>";
		};
		F37200AB1EDCCEA800553C07 = {
			isa = PBXGroup;
			children = (
				F37200B61EDCCEA900553C07 /* mobile-inbox */,
				3413698E1EE53205000D6081 /* Vcs */,
				341369951EE5331F000D6081 /* ThirdParty */,
				F37200CB1EDCCEA900553C07 /* mobile-inboxTests */,
				F37200B51EDCCEA900553C07 /* Products */,
				FA6D420057368A5609819661 /* Pods */,
				BF3DF35B133D846B761E4443 /* Frameworks */,
			);
			sourceTree = "<group>";
		};
		F37200B51EDCCEA900553C07 /* Products */ = {
			isa = PBXGroup;
			children = (
				F37200B41EDCCEA900553C07 /* mobile-inbox.app */,
				F37200C81EDCCEA900553C07 /* mobile-inboxTests.xctest */,
			);
			name = Products;
			sourceTree = "<group>";
		};
		F37200B61EDCCEA900553C07 /* mobile-inbox */ = {
			isa = PBXGroup;
			children = (
				F37200B71EDCCEA900553C07 /* AppDelegate.swift */,
				3413698C1EE52FBC000D6081 /* Main.storyboard */,
				F37200BE1EDCCEA900553C07 /* Assets.xcassets */,
				F37200C01EDCCEA900553C07 /* LaunchScreen.storyboard */,
				F37200C31EDCCEA900553C07 /* Info.plist */,
			);
			path = "mobile-inbox";
			sourceTree = "<group>";
		};
		F37200CB1EDCCEA900553C07 /* mobile-inboxTests */ = {
			isa = PBXGroup;
			children = (
				F37200CC1EDCCEA900553C07 /* mobile_inboxTests.swift */,
				F37200CE1EDCCEA900553C07 /* Info.plist */,
			);
			path = "mobile-inboxTests";
			sourceTree = "<group>";
		};
		FA6D420057368A5609819661 /* Pods */ = {
			isa = PBXGroup;
			children = (
				F4F0F73BEFD1C45375BFD191 /* Pods-mobile-inbox.debug.xcconfig */,
				A2E84C134352C2917E99A1DE /* Pods-mobile-inbox.release.xcconfig */,
			);
			name = Pods;
			sourceTree = "<group>";
		};
/* End PBXGroup section */

/* Begin PBXNativeTarget section */
		F37200B31EDCCEA900553C07 /* mobile-inbox */ = {
			isa = PBXNativeTarget;
			buildConfigurationList = F37200D11EDCCEA900553C07 /* Build configuration list for PBXNativeTarget "mobile-inbox" */;
			buildPhases = (
				1D2AD21F019ADEB4C04EFD77 /* [CP] Check Pods Manifest.lock */,
				F37200B01EDCCEA900553C07 /* Sources */,
				F37200B11EDCCEA900553C07 /* Frameworks */,
				F37200B21EDCCEA900553C07 /* Resources */,
				AC1EDDED25182DC43E79057B /* [CP] Embed Pods Frameworks */,
				7B77002FEC8B9DDCCA7AED0D /* [CP] Copy Pods Resources */,
			);
			buildRules = (
			);
			dependencies = (
			);
			name = "mobile-inbox";
			productName = "mobile-inbox";
			productReference = F37200B41EDCCEA900553C07 /* mobile-inbox.app */;
			productType = "com.apple.product-type.application";
		};
		F37200C71EDCCEA900553C07 /* mobile-inboxTests */ = {
			isa = PBXNativeTarget;
			buildConfigurationList = F37200D41EDCCEA900553C07 /* Build configuration list for PBXNativeTarget "mobile-inboxTests" */;
			buildPhases = (
				F37200C41EDCCEA900553C07 /* Sources */,
				F37200C51EDCCEA900553C07 /* Frameworks */,
				F37200C61EDCCEA900553C07 /* Resources */,
			);
			buildRules = (
			);
			dependencies = (
				F37200CA1EDCCEA900553C07 /* PBXTargetDependency */,
			);
			name = "mobile-inboxTests";
			productName = "mobile-inboxTests";
			productReference = F37200C81EDCCEA900553C07 /* mobile-inboxTests.xctest */;
			productType = "com.apple.product-type.bundle.unit-test";
		};
/* End PBXNativeTarget section */

/* Begin PBXProject section */
		F37200AC1EDCCEA900553C07 /* Project object */ = {
			isa = PBXProject;
			attributes = {
				LastSwiftUpdateCheck = 0830;
				LastUpgradeCheck = 0830;
				ORGANIZATIONNAME = OpenIAM;
				TargetAttributes = {
					F37200B31EDCCEA900553C07 = {
						CreatedOnToolsVersion = 8.3.2;
						ProvisioningStyle = Automatic;
					};
					F37200C71EDCCEA900553C07 = {
						CreatedOnToolsVersion = 8.3.2;
						ProvisioningStyle = Automatic;
						TestTargetID = F37200B31EDCCEA900553C07;
					};
				};
			};
			buildConfigurationList = F37200AF1EDCCEA900553C07 /* Build configuration list for PBXProject "mobile-inbox" */;
			compatibilityVersion = "Xcode 3.2";
			developmentRegion = English;
			hasScannedForEncodings = 0;
			knownRegions = (
				en,
				Base,
			);
			mainGroup = F37200AB1EDCCEA800553C07;
			productRefGroup = F37200B51EDCCEA900553C07 /* Products */;
			projectDirPath = "";
			projectRoot = "";
			targets = (
				F37200B31EDCCEA900553C07 /* mobile-inbox */,
				F37200C71EDCCEA900553C07 /* mobile-inboxTests */,
			);
		};
/* End PBXProject section */

/* Begin PBXResourcesBuildPhase section */
		F37200B21EDCCEA900553C07 /* Resources */ = {
			isa = PBXResourcesBuildPhase;
			buildActionMask = 2147483647;
			files = (
				3413698D1EE52FBC000D6081 /* Main.storyboard in Resources */,
				F37200C21EDCCEA900553C07 /* LaunchScreen.storyboard in Resources */,
				341369BE1EE5334C000D6081 /* IQKeyboardManager.bundle in Resources */,
				F37200BF1EDCCEA900553C07 /* Assets.xcassets in Resources */,
			);
			runOnlyForDeploymentPostprocessing = 0;
		};
		F37200C61EDCCEA900553C07 /* Resources */ = {
			isa = PBXResourcesBuildPhase;
			buildActionMask = 2147483647;
			files = (
			);
			runOnlyForDeploymentPostprocessing = 0;
		};
/* End PBXResourcesBuildPhase section */

/* Begin PBXShellScriptBuildPhase section */
		1D2AD21F019ADEB4C04EFD77 /* [CP] Check Pods Manifest.lock */ = {
			isa = PBXShellScriptBuildPhase;
			buildActionMask = 2147483647;
			files = (
			);
			inputPaths = (
			);
			name = "[CP] Check Pods Manifest.lock";
			outputPaths = (
			);
			runOnlyForDeploymentPostprocessing = 0;
			shellPath = /bin/sh;
			shellScript = "diff \"${PODS_PODFILE_DIR_PATH}/Podfile.lock\" \"${PODS_ROOT}/Manifest.lock\" > /dev/null\nif [ $? != 0 ] ; then\n    # print error to STDERR\n    echo \"error: The sandbox is not in sync with the Podfile.lock. Run 'pod install' or update your CocoaPods installation.\" >&2\n    exit 1\nfi\n";
			showEnvVarsInLog = 0;
		};
		7B77002FEC8B9DDCCA7AED0D /* [CP] Copy Pods Resources */ = {
			isa = PBXShellScriptBuildPhase;
			buildActionMask = 2147483647;
			files = (
			);
			inputPaths = (
			);
			name = "[CP] Copy Pods Resources";
			outputPaths = (
			);
			runOnlyForDeploymentPostprocessing = 0;
			shellPath = /bin/sh;
			shellScript = "\"${SRCROOT}/Pods/Target Support Files/Pods-mobile-inbox/Pods-mobile-inbox-resources.sh\"\n";
			showEnvVarsInLog = 0;
		};
		AC1EDDED25182DC43E79057B /* [CP] Embed Pods Frameworks */ = {
			isa = PBXShellScriptBuildPhase;
			buildActionMask = 2147483647;
			files = (
			);
			inputPaths = (
			);
			name = "[CP] Embed Pods Frameworks";
			outputPaths = (
			);
			runOnlyForDeploymentPostprocessing = 0;
			shellPath = /bin/sh;
			shellScript = "\"${SRCROOT}/Pods/Target Support Files/Pods-mobile-inbox/Pods-mobile-inbox-frameworks.sh\"\n";
			showEnvVarsInLog = 0;
		};
/* End PBXShellScriptBuildPhase section */

/* Begin PBXSourcesBuildPhase section */
		F37200B01EDCCEA900553C07 /* Sources */ = {
			isa = PBXSourcesBuildPhase;
			buildActionMask = 2147483647;
			files = (
				341369B11EE5334C000D6081 /* IQUIView+Hierarchy.swift in Sources */,
				341369B41EE5334C000D6081 /* IQKeyboardManagerConstants.swift in Sources */,
				341369BC1EE5334C000D6081 /* IQToolbar.swift in Sources */,
				341369B71EE5334C000D6081 /* IQKeyboardReturnKeyHandler.swift in Sources */,
				341369921EE53205000D6081 /* tvVC.swift in Sources */,
				341369AE1EE5334C000D6081 /* IQNSArray+Sort.swift in Sources */,
				341369B81EE5334C000D6081 /* IQTextView.swift in Sources */,
				341369B61EE5334C000D6081 /* IQKeyboardManager.swift in Sources */,
				341369B21EE5334C000D6081 /* IQUIViewController+Additions.swift in Sources */,
				F37200B81EDCCEA900553C07 /* AppDelegate.swift in Sources */,
				341369BB1EE5334C000D6081 /* IQTitleBarButtonItem.swift in Sources */,
				341369B31EE5334C000D6081 /* IQUIWindow+Hierarchy.swift in Sources */,
				341369B91EE5334C000D6081 /* IQBarButtonItem.swift in Sources */,
				341369941EE53265000D6081 /* ViewController.swift in Sources */,
				341369911EE53205000D6081 /* LoginVC.swift in Sources */,
				341369B01EE5334C000D6081 /* IQUITextFieldView+Additions.swift in Sources */,
				341369AF1EE5334C000D6081 /* IQUIScrollView+Additions.swift in Sources */,
				341369BA1EE5334C000D6081 /* IQPreviousNextView.swift in Sources */,
				341369BD1EE5334C000D6081 /* IQUIView+IQKeyboardToolbar.swift in Sources */,
				341369B51EE5334C000D6081 /* IQKeyboardManagerConstantsInternal.swift in Sources */,
			);
			runOnlyForDeploymentPostprocessing = 0;
		};
		F37200C41EDCCEA900553C07 /* Sources */ = {
			isa = PBXSourcesBuildPhase;
			buildActionMask = 2147483647;
			files = (
				F37200CD1EDCCEA900553C07 /* mobile_inboxTests.swift in Sources */,
			);
			runOnlyForDeploymentPostprocessing = 0;
		};
/* End PBXSourcesBuildPhase section */

/* Begin PBXTargetDependency section */
		F37200CA1EDCCEA900553C07 /* PBXTargetDependency */ = {
			isa = PBXTargetDependency;
			target = F37200B31EDCCEA900553C07 /* mobile-inbox */;
			targetProxy = F37200C91EDCCEA900553C07 /* PBXContainerItemProxy */;
		};
/* End PBXTargetDependency section */

/* Begin PBXVariantGroup section */
		F37200C01EDCCEA900553C07 /* LaunchScreen.storyboard */ = {
			isa = PBXVariantGroup;
			children = (
				F37200C11EDCCEA900553C07 /* Base */,
			);
			name = LaunchScreen.storyboard;
			sourceTree = "<group>";
		};
/* End PBXVariantGroup section */

/* Begin XCBuildConfiguration section */
		F37200CF1EDCCEA900553C07 /* Debug */ = {
			isa = XCBuildConfiguration;
			buildSettings = {
				ALWAYS_SEARCH_USER_PATHS = NO;
				CLANG_ANALYZER_NONNULL = YES;
				CLANG_ANALYZER_NUMBER_OBJECT_CONVERSION = YES_AGGRESSIVE;
				CLANG_CXX_LANGUAGE_STANDARD = "gnu++0x";
				CLANG_CXX_LIBRARY = "libc++";
				CLANG_ENABLE_MODULES = YES;
				CLANG_ENABLE_OBJC_ARC = YES;
				CLANG_WARN_BOOL_CONVERSION = YES;
				CLANG_WARN_CONSTANT_CONVERSION = YES;
				CLANG_WARN_DIRECT_OBJC_ISA_USAGE = YES_ERROR;
				CLANG_WARN_DOCUMENTATION_COMMENTS = YES;
				CLANG_WARN_EMPTY_BODY = YES;
				CLANG_WARN_ENUM_CONVERSION = YES;
				CLANG_WARN_INFINITE_RECURSION = YES;
				CLANG_WARN_INT_CONVERSION = YES;
				CLANG_WARN_OBJC_ROOT_CLASS = YES_ERROR;
				CLANG_WARN_SUSPICIOUS_MOVE = YES;
				CLANG_WARN_UNREACHABLE_CODE = YES;
				CLANG_WARN__DUPLICATE_METHOD_MATCH = YES;
				"CODE_SIGN_IDENTITY[sdk=iphoneos*]" = "iPhone Developer";
				COPY_PHASE_STRIP = NO;
				DEBUG_INFORMATION_FORMAT = dwarf;
				ENABLE_STRICT_OBJC_MSGSEND = YES;
				ENABLE_TESTABILITY = YES;
				GCC_C_LANGUAGE_STANDARD = gnu99;
				GCC_DYNAMIC_NO_PIC = NO;
				GCC_NO_COMMON_BLOCKS = YES;
				GCC_OPTIMIZATION_LEVEL = 0;
				GCC_PREPROCESSOR_DEFINITIONS = (
					"DEBUG=1",
					"$(inherited)",
				);
				GCC_WARN_64_TO_32_BIT_CONVERSION = YES;
				GCC_WARN_ABOUT_RETURN_TYPE = YES_ERROR;
				GCC_WARN_UNDECLARED_SELECTOR = YES;
				GCC_WARN_UNINITIALIZED_AUTOS = YES_AGGRESSIVE;
				GCC_WARN_UNUSED_FUNCTION = YES;
				GCC_WARN_UNUSED_VARIABLE = YES;
				IPHONEOS_DEPLOYMENT_TARGET = 10.3;
				MTL_ENABLE_DEBUG_INFO = YES;
				ONLY_ACTIVE_ARCH = YES;
				SDKROOT = iphoneos;
				SWIFT_ACTIVE_COMPILATION_CONDITIONS = DEBUG;
				SWIFT_OPTIMIZATION_LEVEL = "-Onone";
				TARGETED_DEVICE_FAMILY = "1,2";
			};
			name = Debug;
		};
		F37200D01EDCCEA900553C07 /* Release */ = {
			isa = XCBuildConfiguration;
			buildSettings = {
				ALWAYS_SEARCH_USER_PATHS = NO;
				CLANG_ANALYZER_NONNULL = YES;
				CLANG_ANALYZER_NUMBER_OBJECT_CONVERSION = YES_AGGRESSIVE;
				CLANG_CXX_LANGUAGE_STANDARD = "gnu++0x";
				CLANG_CXX_LIBRARY = "libc++";
				CLANG_ENABLE_MODULES = YES;
				CLANG_ENABLE_OBJC_ARC = YES;
				CLANG_WARN_BOOL_CONVERSION = YES;
				CLANG_WARN_CONSTANT_CONVERSION = YES;
				CLANG_WARN_DIRECT_OBJC_ISA_USAGE = YES_ERROR;
				CLANG_WARN_DOCUMENTATION_COMMENTS = YES;
				CLANG_WARN_EMPTY_BODY = YES;
				CLANG_WARN_ENUM_CONVERSION = YES;
				CLANG_WARN_INFINITE_RECURSION = YES;
				CLANG_WARN_INT_CONVERSION = YES;
				CLANG_WARN_OBJC_ROOT_CLASS = YES_ERROR;
				CLANG_WARN_SUSPICIOUS_MOVE = YES;
				CLANG_WARN_UNREACHABLE_CODE = YES;
				CLANG_WARN__DUPLICATE_METHOD_MATCH = YES;
				"CODE_SIGN_IDENTITY[sdk=iphoneos*]" = "iPhone Developer";
				COPY_PHASE_STRIP = NO;
				DEBUG_INFORMATION_FORMAT = "dwarf-with-dsym";
				ENABLE_NS_ASSERTIONS = NO;
				ENABLE_STRICT_OBJC_MSGSEND = YES;
				GCC_C_LANGUAGE_STANDARD = gnu99;
				GCC_NO_COMMON_BLOCKS = YES;
				GCC_WARN_64_TO_32_BIT_CONVERSION = YES;
				GCC_WARN_ABOUT_RETURN_TYPE = YES_ERROR;
				GCC_WARN_UNDECLARED_SELECTOR = YES;
				GCC_WARN_UNINITIALIZED_AUTOS = YES_AGGRESSIVE;
				GCC_WARN_UNUSED_FUNCTION = YES;
				GCC_WARN_UNUSED_VARIABLE = YES;
				IPHONEOS_DEPLOYMENT_TARGET = 10.3;
				MTL_ENABLE_DEBUG_INFO = NO;
				SDKROOT = iphoneos;
				SWIFT_OPTIMIZATION_LEVEL = "-Owholemodule";
				TARGETED_DEVICE_FAMILY = "1,2";
				VALIDATE_PRODUCT = YES;
			};
			name = Release;
		};
		F37200D21EDCCEA900553C07 /* Debug */ = {
			isa = XCBuildConfiguration;
			baseConfigurationReference = F4F0F73BEFD1C45375BFD191 /* Pods-mobile-inbox.debug.xcconfig */;
			buildSettings = {
				ASSETCATALOG_COMPILER_APPICON_NAME = AppIcon;
				INFOPLIST_FILE = "mobile-inbox/Info.plist";
				LD_RUNPATH_SEARCH_PATHS = "$(inherited) @executable_path/Frameworks";
				PRODUCT_BUNDLE_IDENTIFIER = "openiam.mobile-inbox";
				PRODUCT_NAME = "$(TARGET_NAME)";
				SWIFT_VERSION = 3.0;
			};
			name = Debug;
		};
		F37200D31EDCCEA900553C07 /* Release */ = {
			isa = XCBuildConfiguration;
			baseConfigurationReference = A2E84C134352C2917E99A1DE /* Pods-mobile-inbox.release.xcconfig */;
			buildSettings = {
				ASSETCATALOG_COMPILER_APPICON_NAME = AppIcon;
				INFOPLIST_FILE = "mobile-inbox/Info.plist";
				LD_RUNPATH_SEARCH_PATHS = "$(inherited) @executable_path/Frameworks";
				PRODUCT_BUNDLE_IDENTIFIER = "openiam.mobile-inbox";
				PRODUCT_NAME = "$(TARGET_NAME)";
				SWIFT_VERSION = 3.0;
			};
			name = Release;
		};
		F37200D51EDCCEA900553C07 /* Debug */ = {
			isa = XCBuildConfiguration;
			buildSettings = {
				ALWAYS_EMBED_SWIFT_STANDARD_LIBRARIES = YES;
				BUNDLE_LOADER = "$(TEST_HOST)";
				INFOPLIST_FILE = "mobile-inboxTests/Info.plist";
				LD_RUNPATH_SEARCH_PATHS = "$(inherited) @executable_path/Frameworks @loader_path/Frameworks";
				PRODUCT_BUNDLE_IDENTIFIER = "openiam.mobile-inboxTests";
				PRODUCT_NAME = "$(TARGET_NAME)";
				SWIFT_VERSION = 3.0;
				TEST_HOST = "$(BUILT_PRODUCTS_DIR)/mobile-inbox.app/mobile-inbox";
			};
			name = Debug;
		};
		F37200D61EDCCEA900553C07 /* Release */ = {
			isa = XCBuildConfiguration;
			buildSettings = {
				ALWAYS_EMBED_SWIFT_STANDARD_LIBRARIES = YES;
				BUNDLE_LOADER = "$(TEST_HOST)";
				INFOPLIST_FILE = "mobile-inboxTests/Info.plist";
				LD_RUNPATH_SEARCH_PATHS = "$(inherited) @executable_path/Frameworks @loader_path/Frameworks";
				PRODUCT_BUNDLE_IDENTIFIER = "openiam.mobile-inboxTests";
				PRODUCT_NAME = "$(TARGET_NAME)";
				SWIFT_VERSION = 3.0;
				TEST_HOST = "$(BUILT_PRODUCTS_DIR)/mobile-inbox.app/mobile-inbox";
			};
			name = Release;
		};
/* End XCBuildConfiguration section */

/* Begin XCConfigurationList section */
		F37200AF1EDCCEA900553C07 /* Build configuration list for PBXProject "mobile-inbox" */ = {
			isa = XCConfigurationList;
			buildConfigurations = (
				F37200CF1EDCCEA900553C07 /* Debug */,
				F37200D01EDCCEA900553C07 /* Release */,
			);
			defaultConfigurationIsVisible = 0;
			defaultConfigurationName = Release;
		};
		F37200D11EDCCEA900553C07 /* Build configuration list for PBXNativeTarget "mobile-inbox" */ = {
			isa = XCConfigurationList;
			buildConfigurations = (
				F37200D21EDCCEA900553C07 /* Debug */,
				F37200D31EDCCEA900553C07 /* Release */,
			);
			defaultConfigurationIsVisible = 0;
			defaultConfigurationName = Release;
		};
		F37200D41EDCCEA900553C07 /* Build configuration list for PBXNativeTarget "mobile-inboxTests" */ = {
			isa = XCConfigurationList;
			buildConfigurations = (
				F37200D51EDCCEA900553C07 /* Debug */,
				F37200D61EDCCEA900553C07 /* Release */,
			);
			defaultConfigurationIsVisible = 0;
			defaultConfigurationName = Release;
		};
/* End XCConfigurationList section */
	};
	rootObject = F37200AC1EDCCEA900553C07 /* Project object */;
}
